
Microsoft Visual Studio Solution File, Format Version 12.00
# Visual Studio Version 16
VisualStudioVersion = 16.0.31702.278
MinimumVisualStudioVersion = 10.0.40219.1
Project("{FAE04EC0-301F-11D3-BF4B-00C04F79EFBC}") = "RestfulApi", "RestfulApi\RestfulApi.csproj", "{09E3EC93-5792-4C7B-AEA2-37EEEC8A496C}"
EndProject
Global
	GlobalSection(SolutionConfigurationPlatforms) = preSolution
		Debug|Any CPU = Debug|Any CPU
		Release|Any CPU = Release|Any CPU
	EndGlobalSection
	GlobalSection(ProjectConfigurationPlatforms) = postSolution
		{09E3EC93-5792-4C7B-AEA2-37EEEC8A496C}.Debug|Any CPU.ActiveCfg = Debug|Any CPU
		{09E3EC93-5792-4C7B-AEA2-37EEEC8A496C}.Debug|Any CPU.Build.0 = Debug|Any CPU
		{09E3EC93-5792-4C7B-AEA2-37EEEC8A496C}.Release|Any CPU.ActiveCfg = Release|Any CPU
		{09E3EC93-5792-4C7B-AEA2-37EEEC8A496C}.Release|Any CPU.Build.0 = Release|Any CPU
	EndGlobalSection
	GlobalSection(SolutionProperties) = preSolution
		HideSolutionNode = FALSE
	EndGlobalSection
	GlobalSection(ExtensibilityGlobals) = postSolution
		SolutionGuid = {F9057082-A318-4C96-BBE5-71B71967F8AA}
	EndGlobalSection
EndGlobal
